// !$*UTF8*$!
{
	archiveVersion = 1;
	classes = {
	};
	objectVersion = 56;
	objects = {

/* Begin PBXBuildFile section */
		A908AEAF29BF4F9B00704373 /* AppDelegate.swift in Sources */ = {isa = PBXBuildFile; fileRef = A908AEAE29BF4F9B00704373 /* AppDelegate.swift */; };
		A908AEB129BF4F9B00704373 /* SceneDelegate.swift in Sources */ = {isa = PBXBuildFile; fileRef = A908AEB029BF4F9B00704373 /* SceneDelegate.swift */; };
		A908AEB329BF4F9B00704373 /* ViewController.swift in Sources */ = {isa = PBXBuildFile; fileRef = A908AEB229BF4F9B00704373 /* ViewController.swift */; };
		A908AEB629BF4F9B00704373 /* Main.storyboard in Resources */ = {isa = PBXBuildFile; fileRef = A908AEB429BF4F9B00704373 /* Main.storyboard */; };
		A908AEB829BF4F9C00704373 /* Assets.xcassets in Resources */ = {isa = PBXBuildFile; fileRef = A908AEB729BF4F9C00704373 /* Assets.xcassets */; };
		A908AEBB29BF4F9C00704373 /* LaunchScreen.storyboard in Resources */ = {isa = PBXBuildFile; fileRef = A908AEB929BF4F9C00704373 /* LaunchScreen.storyboard */; };
		A908AECC29BF6F5600704373 /* nssl0033.jpg in Resources */ = {isa = PBXBuildFile; fileRef = A908AEC229BF6F5500704373 /* nssl0033.jpg */; };
		A908AECD29BF6F5600704373 /* nssl0043.jpg in Resources */ = {isa = PBXBuildFile; fileRef = A908AEC329BF6F5600704373 /* nssl0043.jpg */; };
		A908AECE29BF6F5600704373 /* nssl0046.jpg in Resources */ = {isa = PBXBuildFile; fileRef = A908AEC429BF6F5600704373 /* nssl0046.jpg */; };
		A908AECF29BF6F5600704373 /* nssl0042.jpg in Resources */ = {isa = PBXBuildFile; fileRef = A908AEC529BF6F5600704373 /* nssl0042.jpg */; };
		A908AED029BF6F5600704373 /* nssl0049.jpg in Resources */ = {isa = PBXBuildFile; fileRef = A908AEC629BF6F5600704373 /* nssl0049.jpg */; };
		A908AED129BF6F5600704373 /* nssl0051.jpg in Resources */ = {isa = PBXBuildFile; fileRef = A908AEC729BF6F5600704373 /* nssl0051.jpg */; };
		A908AED229BF6F5600704373 /* nssl0091.jpg in Resources */ = {isa = PBXBuildFile; fileRef = A908AEC829BF6F5600704373 /* nssl0091.jpg */; };
		A908AED329BF6F5600704373 /* nssl0045.jpg in Resources */ = {isa = PBXBuildFile; fileRef = A908AEC929BF6F5600704373 /* nssl0045.jpg */; };
		A908AED429BF6F5600704373 /* nssl0034.jpg in Resources */ = {isa = PBXBuildFile; fileRef = A908AECA29BF6F5600704373 /* nssl0034.jpg */; };
		A908AED529BF6F5600704373 /* nssl0041.jpg in Resources */ = {isa = PBXBuildFile; fileRef = A908AECB29BF6F5600704373 /* nssl0041.jpg */; };
		A9275DE329C134BB00721B62 /* DetailViewController.swift in Sources */ = {isa = PBXBuildFile; fileRef = A9275DE229C134BB00721B62 /* DetailViewController.swift */; };
/* End PBXBuildFile section */

/* Begin PBXFileReference section */
		A908AEAB29BF4F9B00704373 /* Project1.app */ = {isa = PBXFileReference; explicitFileType = wrapper.application; includeInIndex = 0; path = Project1.app; sourceTree = BUILT_PRODUCTS_DIR; };
		A908AEAE29BF4F9B00704373 /* AppDelegate.swift */ = {isa = PBXFileReference; lastKnownFileType = sourcecode.swift; path = AppDelegate.swift; sourceTree = "<group>"; };
		A908AEB029BF4F9B00704373 /* SceneDelegate.swift */ = {isa = PBXFileReference; lastKnownFileType = sourcecode.swift; path = SceneDelegate.swift; sourceTree = "<group>"; };
		A908AEB229BF4F9B00704373 /* ViewController.swift */ = {isa = PBXFileReference; lastKnownFileType = sourcecode.swift; path = ViewController.swift; sourceTree = "<group>"; };
		A908AEB529BF4F9B00704373 /* Base */ = {isa = PBXFileReference; lastKnownFileType = file.storyboard; name = Base; path = Base.lproj/Main.storyboard; sourceTree = "<group>"; };
		A908AEB729BF4F9C00704373 /* Assets.xcassets */ = {isa = PBXFileReference; lastKnownFileType = folder.assetcatalog; path = Assets.xcassets; sourceTree = "<group>"; };
		A908AEBA29BF4F9C00704373 /* Base */ = {isa = PBXFileReference; lastKnownFileType = file.storyboard; name = Base; path = Base.lproj/LaunchScreen.storyboard; sourceTree = "<group>"; };
		A908AEBC29BF4F9C00704373 /* Info.plist */ = {isa = PBXFileReference; lastKnownFileType = text.plist.xml; path = Info.plist; sourceTree = "<group>"; };
		A908AEC229BF6F5500704373 /* nssl0033.jpg */ = {isa = PBXFileReference; lastKnownFileType = image.jpeg; name = nssl0033.jpg; path = "../../HackingWithSwift/HackingWithSwift/Classic/project1-files/Content/nssl0033.jpg"; sourceTree = "<group>"; };
		A908AEC329BF6F5600704373 /* nssl0043.jpg */ = {isa = PBXFileReference; lastKnownFileType = image.jpeg; name = nssl0043.jpg; path = "../../HackingWithSwift/HackingWithSwift/Classic/project1-files/Content/nssl0043.jpg"; sourceTree = "<group>"; };
		A908AEC429BF6F5600704373 /* nssl0046.jpg */ = {isa = PBXFileReference; lastKnownFileType = image.jpeg; name = nssl0046.jpg; path = "../../HackingWithSwift/HackingWithSwift/Classic/project1-files/Content/nssl0046.jpg"; sourceTree = "<group>"; };
		A908AEC529BF6F5600704373 /* nssl0042.jpg */ = {isa = PBXFileReference; lastKnownFileType = image.jpeg; name = nssl0042.jpg; path = "../../HackingWithSwift/HackingWithSwift/Classic/project1-files/Content/nssl0042.jpg"; sourceTree = "<group>"; };
		A908AEC629BF6F5600704373 /* nssl0049.jpg */ = {isa = PBXFileReference; lastKnownFileType = image.jpeg; name = nssl0049.jpg; path = "../../HackingWithSwift/HackingWithSwift/Classic/project1-files/Content/nssl0049.jpg"; sourceTree = "<group>"; };
		A908AEC729BF6F5600704373 /* nssl0051.jpg */ = {isa = PBXFileReference; lastKnownFileType = image.jpeg; name = nssl0051.jpg; path = "../../HackingWithSwift/HackingWithSwift/Classic/project1-files/Content/nssl0051.jpg"; sourceTree = "<group>"; };
		A908AEC829BF6F5600704373 /* nssl0091.jpg */ = {isa = PBXFileReference; lastKnownFileType = image.jpeg; name = nssl0091.jpg; path = "../../HackingWithSwift/HackingWithSwift/Classic/project1-files/Content/nssl0091.jpg"; sourceTree = "<group>"; };
		A908AEC929BF6F5600704373 /* nssl0045.jpg */ = {isa = PBXFileReference; lastKnownFileType = image.jpeg; name = nssl0045.jpg; path = "../../HackingWithSwift/HackingWithSwift/Classic/project1-files/Content/nssl0045.jpg"; sourceTree = "<group>"; };
		A908AECA29BF6F5600704373 /* nssl0034.jpg */ = {isa = PBXFileReference; lastKnownFileType = image.jpeg; name = nssl0034.jpg; path = "../../HackingWithSwift/HackingWithSwift/Classic/project1-files/Content/nssl0034.jpg"; sourceTree = "<group>"; };
		A908AECB29BF6F5600704373 /* nssl0041.jpg */ = {isa = PBXFileReference; lastKnownFileType = image.jpeg; name = nssl0041.jpg; path = "../../HackingWithSwift/HackingWithSwift/Classic/project1-files/Content/nssl0041.jpg"; sourceTree = "<group>"; };
		A9275DE229C134BB00721B62 /* DetailViewController.swift */ = {isa = PBXFileReference; lastKnownFileType = sourcecode.swift; path = DetailViewController.swift; sourceTree = "<group>"; };
/* End PBXFileReference section */

/* Begin PBXFrameworksBuildPhase section */
		A908AEA829BF4F9B00704373 /* Frameworks */ = {
			isa = PBXFrameworksBuildPhase;
			buildActionMask = 2147483647;
			files = (
			);
			runOnlyForDeploymentPostprocessing = 0;
		};
/* End PBXFrameworksBuildPhase section */

/* Begin PBXGroup section */
		A908AEA229BF4F9B00704373 = {
			isa = PBXGroup;
			children = (
				A908AEAD29BF4F9B00704373 /* Project1 */,
				A908AEAC29BF4F9B00704373 /* Products */,
			);
			sourceTree = "<group>";
		};
		A908AEAC29BF4F9B00704373 /* Products */ = {
			isa = PBXGroup;
			children = (
				A908AEAB29BF4F9B00704373 /* Project1.app */,
			);
			name = Products;
			sourceTree = "<group>";
		};
		A908AEAD29BF4F9B00704373 /* Project1 */ = {
			isa = PBXGroup;
			children = (
				A908AEC229BF6F5500704373 /* nssl0033.jpg */,
				A908AECA29BF6F5600704373 /* nssl0034.jpg */,
				A908AECB29BF6F5600704373 /* nssl0041.jpg */,
				A908AEC529BF6F5600704373 /* nssl0042.jpg */,
				A908AEC329BF6F5600704373 /* nssl0043.jpg */,
				A908AEC929BF6F5600704373 /* nssl0045.jpg */,
				A908AEC429BF6F5600704373 /* nssl0046.jpg */,
				A908AEC629BF6F5600704373 /* nssl0049.jpg */,
				A908AEC729BF6F5600704373 /* nssl0051.jpg */,
				A908AEC829BF6F5600704373 /* nssl0091.jpg */,
				A908AEAE29BF4F9B00704373 /* AppDelegate.swift */,
				A908AEB029BF4F9B00704373 /* SceneDelegate.swift */,
				A908AEB229BF4F9B00704373 /* ViewController.swift */,
				A9275DE229C134BB00721B62 /* DetailViewController.swift */,
				A908AEB429BF4F9B00704373 /* Main.storyboard */,
				A908AEB729BF4F9C00704373 /* Assets.xcassets */,
				A908AEB929BF4F9C00704373 /* LaunchScreen.storyboard */,
				A908AEBC29BF4F9C00704373 /* Info.plist */,
			);
			path = Project1;
			sourceTree = "<group>";
		};
/* End PBXGroup section */

/* Begin PBXNativeTarget section */
		A908AEAA29BF4F9B00704373 /* Project1 */ = {
			isa = PBXNativeTarget;
			buildConfigurationList = A908AEBF29BF4F9C00704373 /* Build configuration list for PBXNativeTarget "Project1" */;
			buildPhases = (
				A908AEA729BF4F9B00704373 /* Sources */,
				A908AEA829BF4F9B00704373 /* Frameworks */,
				A908AEA929BF4F9B00704373 /* Resources */,
			);
			buildRules = (
			);
			dependencies = (
			);
			name = Project1;
			productName = Project1;
			productReference = A908AEAB29BF4F9B00704373 /* Project1.app */;
			productType = "com.apple.product-type.application";
		};
/* End PBXNativeTarget section */

/* Begin PBXProject section */
		A908AEA329BF4F9B00704373 /* Project object */ = {
			isa = PBXProject;
			attributes = {
				BuildIndependentTargetsInParallel = 1;
				LastSwiftUpdateCheck = 1420;
				LastUpgradeCheck = 1420;
				TargetAttributes = {
					A908AEAA29BF4F9B00704373 = {
						CreatedOnToolsVersion = 14.2;
					};
				};
			};
			buildConfigurationList = A908AEA629BF4F9B00704373 /* Build configuration list for PBXProject "Project1" */;
			compatibilityVersion = "Xcode 14.0";
			developmentRegion = en;
			hasScannedForEncodings = 0;
			knownRegions = (
				en,
				Base,
			);
			mainGroup = A908AEA229BF4F9B00704373;
			productRefGroup = A908AEAC29BF4F9B00704373 /* Products */;
			projectDirPath = "";
			projectRoot = "";
			targets = (
				A908AEAA29BF4F9B00704373 /* Project1 */,
			);
		};
/* End PBXProject section */

/* Begin PBXResourcesBuildPhase section */
		A908AEA929BF4F9B00704373 /* Resources */ = {
			isa = PBXResourcesBuildPhase;
			buildActionMask = 2147483647;
			files = (
				A908AED029BF6F5600704373 /* nssl0049.jpg in Resources */,
				A908AECD29BF6F5600704373 /* nssl0043.jpg in Resources */,
				A908AECE29BF6F5600704373 /* nssl0046.jpg in Resources */,
				A908AEBB29BF4F9C00704373 /* LaunchScreen.storyboard in Resources */,
				A908AED329BF6F5600704373 /* nssl0045.jpg in Resources */,
				A908AED129BF6F5600704373 /* nssl0051.jpg in Resources */,
				A908AED229BF6F5600704373 /* nssl0091.jpg in Resources */,
				A908AECF29BF6F5600704373 /* nssl0042.jpg in Resources */,
				A908AECC29BF6F5600704373 /* nssl0033.jpg in Resources */,
				A908AEB829BF4F9C00704373 /* Assets.xcassets in Resources */,
				A908AED429BF6F5600704373 /* nssl0034.jpg in Resources */,
				A908AEB629BF4F9B00704373 /* Main.storyboard in Resources */,
				A908AED529BF6F5600704373 /* nssl0041.jpg in Resources */,
			);
			runOnlyForDeploymentPostprocessing = 0;
		};
/* End PBXResourcesBuildPhase section */

/* Begin PBXSourcesBuildPhase section */
		A908AEA729BF4F9B00704373 /* Sources */ = {
			isa = PBXSourcesBuildPhase;
			buildActionMask = 2147483647;
			files = (
				A908AEB329BF4F9B00704373 /* ViewController.swift in Sources */,
				A908AEAF29BF4F9B00704373 /* AppDelegate.swift in Sources */,
				A908AEB129BF4F9B00704373 /* SceneDelegate.swift in Sources */,
				A9275DE329C134BB00721B62 /* DetailViewController.swift in Sources */,
			);
			runOnlyForDeploymentPostprocessing = 0;
		};
/* End PBXSourcesBuildPhase section */

/* Begin PBXVariantGroup section */
		A908AEB429BF4F9B00704373 /* Main.storyboard */ = {
			isa = PBXVariantGroup;
			children = (
				A908AEB529BF4F9B00704373 /* Base */,
			);
			name = Main.storyboard;
			sourceTree = "<group>";
		};
		A908AEB929BF4F9C00704373 /* LaunchScreen.storyboard */ = {
			isa = PBXVariantGroup;
			children = (
				A908AEBA29BF4F9C00704373 /* Base */,
			);
			name = LaunchScreen.storyboard;
			sourceTree = "<group>";
		};
/* End PBXVariantGroup section */

/* Begin XCBuildConfiguration section */
		A908AEBD29BF4F9C00704373 /* Debug */ = {
			isa = XCBuildConfiguration;
			buildSettings = {
				ALWAYS_SEARCH_USER_PATHS = NO;
				CLANG_ANALYZER_NONNULL = YES;
				CLANG_ANALYZER_NUMBER_OBJECT_CONVERSION = YES_AGGRESSIVE;
				CLANG_CXX_LANGUAGE_STANDARD = "gnu++20";
				CLANG_ENABLE_MODULES = YES;
				CLANG_ENABLE_OBJC_ARC = YES;
				CLANG_ENABLE_OBJC_WEAK = YES;
				CLANG_WARN_BLOCK_CAPTURE_AUTORELEASING = YES;
				CLANG_WARN_BOOL_CONVERSION = YES;
				CLANG_WARN_COMMA = YES;
				CLANG_WARN_CONSTANT_CONVERSION = YES;
				CLANG_WARN_DEPRECATED_OBJC_IMPLEMENTATIONS = YES;
				CLANG_WARN_DIRECT_OBJC_ISA_USAGE = YES_ERROR;
				CLANG_WARN_DOCUMENTATION_COMMENTS = YES;
				CLANG_WARN_EMPTY_BODY = YES;
				CLANG_WARN_ENUM_CONVERSION = YES;
				CLANG_WARN_INFINITE_RECURSION = YES;
				CLANG_WARN_INT_CONVERSION = YES;
				CLANG_WARN_NON_LITERAL_NULL_CONVERSION = YES;
				CLANG_WARN_OBJC_IMPLICIT_RETAIN_SELF = YES;
				CLANG_WARN_OBJC_LITERAL_CONVERSION = YES;
				CLANG_WARN_OBJC_ROOT_CLASS = YES_ERROR;
				CLANG_WARN_QUOTED_INCLUDE_IN_FRAMEWORK_HEADER = YES;
				CLANG_WARN_RANGE_LOOP_ANALYSIS = YES;
				CLANG_WARN_STRICT_PROTOTYPES = YES;
				CLANG_WARN_SUSPICIOUS_MOVE = YES;
				CLANG_WARN_UNGUARDED_AVAILABILITY = YES_AGGRESSIVE;
				CLANG_WARN_UNREACHABLE_CODE = YES;
				CLANG_WARN__DUPLICATE_METHOD_MATCH = YES;
				COPY_PHASE_STRIP = NO;
				DEBUG_INFORMATION_FORMAT = dwarf;
				ENABLE_STRICT_OBJC_MSGSEND = YES;
				ENABLE_TESTABILITY = YES;
				GCC_C_LANGUAGE_STANDARD = gnu11;
				GCC_DYNAMIC_NO_PIC = NO;
				GCC_NO_COMMON_BLOCKS = YES;
				GCC_OPTIMIZATION_LEVEL = 0;
				GCC_PREPROCESSOR_DEFINITIONS = (
					"DEBUG=1",
					"$(inherited)",
				);
				GCC_WARN_64_TO_32_BIT_CONVERSION = YES;
				GCC_WARN_ABOUT_RETURN_TYPE = YES_ERROR;
				GCC_WARN_UNDECLARED_SELECTOR = YES;
				GCC_WARN_UNINITIALIZED_AUTOS = YES_AGGRESSIVE;
				GCC_WARN_UNUSED_FUNCTION = YES;
				GCC_WARN_UNUSED_VARIABLE = YES;
				IPHONEOS_DEPLOYMENT_TARGET = 16.2;
				MTL_ENABLE_DEBUG_INFO = INCLUDE_SOURCE;
				MTL_FAST_MATH = YES;
				ONLY_ACTIVE_ARCH = YES;
				SDKROOT = iphoneos;
				SWIFT_ACTIVE_COMPILATION_CONDITIONS = DEBUG;
				SWIFT_OPTIMIZATION_LEVEL = "-Onone";
			};
			name = Debug;
		};
		A908AEBE29BF4F9C00704373 /* Release */ = {
			isa = XCBuildConfiguration;
			buildSettings = {
				ALWAYS_SEARCH_USER_PATHS = NO;
				CLANG_ANALYZER_NONNULL = YES;
				CLANG_ANALYZER_NUMBER_OBJECT_CONVERSION = YES_AGGRESSIVE;
				CLANG_CXX_LANGUAGE_STANDARD = "gnu++20";
				CLANG_ENABLE_MODULES = YES;
				CLANG_ENABLE_OBJC_ARC = YES;
				CLANG_ENABLE_OBJC_WEAK = YES;
				CLANG_WARN_BLOCK_CAPTURE_AUTORELEASING = YES;
				CLANG_WARN_BOOL_CONVERSION = YES;
				CLANG_WARN_COMMA = YES;
				CLANG_WARN_CONSTANT_CONVERSION = YES;
				CLANG_WARN_DEPRECATED_OBJC_IMPLEMENTATIONS = YES;
				CLANG_WARN_DIRECT_OBJC_ISA_USAGE = YES_ERROR;
				CLANG_WARN_DOCUMENTATION_COMMENTS = YES;
				CLANG_WARN_EMPTY_BODY = YES;
				CLANG_WARN_ENUM_CONVERSION = YES;
				CLANG_WARN_INFINITE_RECURSION = YES;
				CLANG_WARN_INT_CONVERSION = YES;
				CLANG_WARN_NON_LITERAL_NULL_CONVERSION = YES;
				CLANG_WARN_OBJC_IMPLICIT_RETAIN_SELF = YES;
				CLANG_WARN_OBJC_LITERAL_CONVERSION = YES;
				CLANG_WARN_OBJC_ROOT_CLASS = YES_ERROR;
				CLANG_WARN_QUOTED_INCLUDE_IN_FRAMEWORK_HEADER = YES;
				CLANG_WARN_RANGE_LOOP_ANALYSIS = YES;
				CLANG_WARN_STRICT_PROTOTYPES = YES;
				CLANG_WARN_SUSPICIOUS_MOVE = YES;
				CLANG_WARN_UNGUARDED_AVAILABILITY = YES_AGGRESSIVE;
				CLANG_WARN_UNREACHABLE_CODE = YES;
				CLANG_WARN__DUPLICATE_METHOD_MATCH = YES;
				COPY_PHASE_STRIP = NO;
				DEBUG_INFORMATION_FORMAT = "dwarf-with-dsym";
				ENABLE_NS_ASSERTIONS = NO;
				ENABLE_STRICT_OBJC_MSGSEND = YES;
				GCC_C_LANGUAGE_STANDARD = gnu11;
				GCC_NO_COMMON_BLOCKS = YES;
				GCC_WARN_64_TO_32_BIT_CONVERSION = YES;
				GCC_WARN_ABOUT_RETURN_TYPE = YES_ERROR;
				GCC_WARN_UNDECLARED_SELECTOR = YES;
				GCC_WARN_UNINITIALIZED_AUTOS = YES_AGGRESSIVE;
				GCC_WARN_UNUSED_FUNCTION = YES;
				GCC_WARN_UNUSED_VARIABLE = YES;
				IPHONEOS_DEPLOYMENT_TARGET = 16.2;
				MTL_ENABLE_DEBUG_INFO = NO;
				MTL_FAST_MATH = YES;
				SDKROOT = iphoneos;
				SWIFT_COMPILATION_MODE = wholemodule;
				SWIFT_OPTIMIZATION_LEVEL = "-O";
				VALIDATE_PRODUCT = YES;
			};
			name = Release;
		};
		A908AEC029BF4F9C00704373 /* Debug */ = {
			isa = XCBuildConfiguration;
			buildSettings = {
				ASSETCATALOG_COMPILER_APPICON_NAME = AppIcon;
				ASSETCATALOG_COMPILER_GLOBAL_ACCENT_COLOR_NAME = AccentColor;
				CODE_SIGN_STYLE = Automatic;
				CURRENT_PROJECT_VERSION = 1;
				DEVELOPMENT_TEAM = 9PG63NVD7U;
				GENERATE_INFOPLIST_FILE = YES;
				INFOPLIST_FILE = Project1/Info.plist;
				INFOPLIST_KEY_UIApplicationSupportsIndirectInputEvents = YES;
				INFOPLIST_KEY_UILaunchStoryboardName = LaunchScreen;
				INFOPLIST_KEY_UIMainStoryboardFile = Main;
				INFOPLIST_KEY_UISupportedInterfaceOrientations_iPad = "UIInterfaceOrientationPortrait UIInterfaceOrientationPortraitUpsideDown UIInterfaceOrientationLandscapeLeft UIInterfaceOrientationLandscapeRight";
				INFOPLIST_KEY_UISupportedInterfaceOrientations_iPhone = "UIInterfaceOrientationPortrait UIInterfaceOrientationLandscapeLeft UIInterfaceOrientationLandscapeRight";
				IPHONEOS_DEPLOYMENT_TARGET = 15.3;
				LD_RUNPATH_SEARCH_PATHS = (
					"$(inherited)",
					"@executable_path/Frameworks",
				);
				MARKETING_VERSION = 1.0;
				PRODUCT_BUNDLE_IDENTIFIER = "com.meitarbass-gmail.com.Project1";
				PRODUCT_NAME = "$(TARGET_NAME)";
				SWIFT_EMIT_LOC_STRINGS = YES;
				SWIFT_VERSION = 5.0;
				TARGETED_DEVICE_FAMILY = "1,2";
			};
			name = Debug;
		};
		A908AEC129BF4F9C00704373 /* Release */ = {
			isa = XCBuildConfiguration;
			buildSettings = {
				ASSETCATALOG_COMPILER_APPICON_NAME = AppIcon;
				ASSETCATALOG_COMPILER_GLOBAL_ACCENT_COLOR_NAME = AccentColor;
				CODE_SIGN_STYLE = Automatic;
				CURRENT_PROJECT_VERSION = 1;
				DEVELOPMENT_TEAM = 9PG63NVD7U;
				GENERATE_INFOPLIST_FILE = YES;
				INFOPLIST_FILE = Project1/Info.plist;
				INFOPLIST_KEY_UIApplicationSupportsIndirectInputEvents = YES;
				INFOPLIST_KEY_UILaunchStoryboardName = LaunchScreen;
				INFOPLIST_KEY_UIMainStoryboardFile = Main;
				INFOPLIST_KEY_UISupportedInterfaceOrientations_iPad = "UIInterfaceOrientationPortrait UIInterfaceOrientationPortraitUpsideDown UIInterfaceOrientationLandscapeLeft UIInterfaceOrientationLandscapeRight";
				INFOPLIST_KEY_UISupportedInterfaceOrientations_iPhone = "UIInterfaceOrientationPortrait UIInterfaceOrientationLandscapeLeft UIInterfaceOrientationLandscapeRight";
				IPHONEOS_DEPLOYMENT_TARGET = 15.3;
				LD_RUNPATH_SEARCH_PATHS = (
					"$(inherited)",
					"@executable_path/Frameworks",
				);
				MARKETING_VERSION = 1.0;
				PRODUCT_BUNDLE_IDENTIFIER = "com.meitarbass-gmail.com.Project1";
				PRODUCT_NAME = "$(TARGET_NAME)";
				SWIFT_EMIT_LOC_STRINGS = YES;
				SWIFT_VERSION = 5.0;
				TARGETED_DEVICE_FAMILY = "1,2";
			};
			name = Release;
		};
/* End XCBuildConfiguration section */

/* Begin XCConfigurationList section */
		A908AEA629BF4F9B00704373 /* Build configuration list for PBXProject "Project1" */ = {
			isa = XCConfigurationList;
			buildConfigurations = (
				A908AEBD29BF4F9C00704373 /* Debug */,
				A908AEBE29BF4F9C00704373 /* Release */,
			);
			defaultConfigurationIsVisible = 0;
			defaultConfigurationName = Release;
		};
		A908AEBF29BF4F9C00704373 /* Build configuration list for PBXNativeTarget "Project1" */ = {
			isa = XCConfigurationList;
			buildConfigurations = (
				A908AEC029BF4F9C00704373 /* Debug */,
				A908AEC129BF4F9C00704373 /* Release */,
			);
			defaultConfigurationIsVisible = 0;
			defaultConfigurationName = Release;
		};
/* End XCConfigurationList section */
	};
	rootObject = A908AEA329BF4F9B00704373 /* Project object */;
}
